
Microsoft Visual Studio Solution File, Format Version 12.00
# Visual Studio 2012
Project("{FAE04EC0-301F-11D3-BF4B-00C04F79EFBC}") = "Grgl", "GRGL\Grgl.csproj", "{3B0E7324-B60E-4C70-9826-E433D2A2BB1C}"
EndProject
Project("{FAE04EC0-301F-11D3-BF4B-00C04F79EFBC}") = "GrglTestDebugApp", "GrglTestDebugApp\GrglTestDebugApp.csproj", "{4D6467E4-B67D-4EA1-9C37-3184C96E4467}"
EndProject
Project("{FAE04EC0-301F-11D3-BF4B-00C04F79EFBC}") = "GrglConcrete", "GrglConcrete\GrglConcrete.csproj", "{720F0F59-6700-466D-A91E-860E5D20EC13}"
EndProject
Global
	GlobalSection(SolutionConfigurationPlatforms) = preSolution
		Debug|Any CPU = Debug|Any CPU
		Release|Any CPU = Release|Any CPU
	EndGlobalSection
	GlobalSection(ProjectConfigurationPlatforms) = postSolution
		{3B0E7324-B60E-4C70-9826-E433D2A2BB1C}.Debug|Any CPU.ActiveCfg = Debug|Any CPU
		{3B0E7324-B60E-4C70-9826-E433D2A2BB1C}.Debug|Any CPU.Build.0 = Debug|Any CPU
		{3B0E7324-B60E-4C70-9826-E433D2A2BB1C}.Release|Any CPU.ActiveCfg = Release|Any CPU
		{3B0E7324-B60E-4C70-9826-E433D2A2BB1C}.Release|Any CPU.Build.0 = Release|Any CPU
		{4D6467E4-B67D-4EA1-9C37-3184C96E4467}.Debug|Any CPU.ActiveCfg = Debug|Any CPU
		{4D6467E4-B67D-4EA1-9C37-3184C96E4467}.Debug|Any CPU.Build.0 = Debug|Any CPU
		{4D6467E4-B67D-4EA1-9C37-3184C96E4467}.Release|Any CPU.ActiveCfg = Release|Any CPU
		{4D6467E4-B67D-4EA1-9C37-3184C96E4467}.Release|Any CPU.Build.0 = Release|Any CPU
		{720F0F59-6700-466D-A91E-860E5D20EC13}.Debug|Any CPU.ActiveCfg = Debug|Any CPU
		{720F0F59-6700-466D-A91E-860E5D20EC13}.Debug|Any CPU.Build.0 = Debug|Any CPU
		{720F0F59-6700-466D-A91E-860E5D20EC13}.Release|Any CPU.ActiveCfg = Release|Any CPU
		{720F0F59-6700-466D-A91E-860E5D20EC13}.Release|Any CPU.Build.0 = Release|Any CPU
	EndGlobalSection
	GlobalSection(SolutionProperties) = preSolution
		HideSolutionNode = FALSE
	EndGlobalSection
EndGlobal
